{
  "requires": true,
  "lockfileVersion": 1,
  "dependencies": {
    "@types/node": {
      "version": "8.0.26",
      "resolved": "https://registry.npmjs.org/@types/node/-/node-8.0.26.tgz",
      "integrity": "sha512-wbKN0MB4XsjdnSE04HiCzLoBDirGCM6zXrqavSj44nZnPFYpnrTF64E9O6Xmf0ca/IuKK/BHUcXwMiwk92gW6Q=="
    },
    "@types/node-fetch": {
      "version": "1.6.7",
      "resolved": "https://registry.npmjs.org/@types/node-fetch/-/node-fetch-1.6.7.tgz",
      "integrity": "sha1-UhB46PDGmhWOUCIAWsqS0mIPbVc=",
      "requires": {
        "@types/node": "8.0.26"
      }
    }
  }
}
